
Microsoft Visual Studio Solution File, Format Version 12.00
# Visual Studio 15
VisualStudioVersion = 15.0.26124.0
MinimumVisualStudioVersion = 15.0.26124.0
Project("{2150E333-8FDC-42A3-9474-1A3956D46DE8}") = "src", "src", "{EC43DA91-C750-4DAC-831B-C89369911816}"
EndProject
Project("{F2A71F9B-5D33-465A-A702-920D77279786}") = "Tweets.Application", "src\Tweets.Application\Tweets.Application.fsproj", "{9F8BFCB8-E830-4CF9-BE4D-7A70796A05C2}"
EndProject
Project("{F2A71F9B-5D33-465A-A702-920D77279786}") = "Tweets.Api", "src\Tweets.Api\Tweets.Api.fsproj", "{249C98EC-071F-4C47-9CC3-CFA9A10E86E8}"
EndProject
Project("{F2A71F9B-5D33-465A-A702-920D77279786}") = "Tweets.Domain", "src\Tweets.Domain\Tweets.Domain.fsproj", "{6C655194-4B06-4C9A-94F8-985F83F8234A}"
EndProject
Project("{F2A71F9B-5D33-465A-A702-920D77279786}") = "Tweets.Infrastructure", "src\Tweets.Infrastructure\Tweets.Infrastructure.fsproj", "{DF49E614-576A-4C01-91B8-8FBD13000E73}"
EndProject
Project("{2150E333-8FDC-42A3-9474-1A3956D46DE8}") = "tests", "tests", "{66DE2C4A-927B-4C6D-BE5C-14039EA76C62}"
EndProject
Project("{F2A71F9B-5D33-465A-A702-920D77279786}") = "Tweets.ApplicationTests", "tests\Tweets.ApplicationTests\Tweets.ApplicationTests.fsproj", "{B3E65F7A-58B9-4282-8629-E15BD2250161}"
EndProject
Global
	GlobalSection(SolutionConfigurationPlatforms) = preSolution
		Debug|Any CPU = Debug|Any CPU
		Debug|x64 = Debug|x64
		Debug|x86 = Debug|x86
		Release|Any CPU = Release|Any CPU
		Release|x64 = Release|x64
		Release|x86 = Release|x86
	EndGlobalSection
	GlobalSection(SolutionProperties) = preSolution
		HideSolutionNode = FALSE
	EndGlobalSection
	GlobalSection(ProjectConfigurationPlatforms) = postSolution
		{9F8BFCB8-E830-4CF9-BE4D-7A70796A05C2}.Debug|Any CPU.ActiveCfg = Debug|Any CPU
		{9F8BFCB8-E830-4CF9-BE4D-7A70796A05C2}.Debug|Any CPU.Build.0 = Debug|Any CPU
		{9F8BFCB8-E830-4CF9-BE4D-7A70796A05C2}.Debug|x64.ActiveCfg = Debug|Any CPU
		{9F8BFCB8-E830-4CF9-BE4D-7A70796A05C2}.Debug|x64.Build.0 = Debug|Any CPU
		{9F8BFCB8-E830-4CF9-BE4D-7A70796A05C2}.Debug|x86.ActiveCfg = Debug|Any CPU
		{9F8BFCB8-E830-4CF9-BE4D-7A70796A05C2}.Debug|x86.Build.0 = Debug|Any CPU
		{9F8BFCB8-E830-4CF9-BE4D-7A70796A05C2}.Release|Any CPU.ActiveCfg = Release|Any CPU
		{9F8BFCB8-E830-4CF9-BE4D-7A70796A05C2}.Release|Any CPU.Build.0 = Release|Any CPU
		{9F8BFCB8-E830-4CF9-BE4D-7A70796A05C2}.Release|x64.ActiveCfg = Release|Any CPU
		{9F8BFCB8-E830-4CF9-BE4D-7A70796A05C2}.Release|x64.Build.0 = Release|Any CPU
		{9F8BFCB8-E830-4CF9-BE4D-7A70796A05C2}.Release|x86.ActiveCfg = Release|Any CPU
		{9F8BFCB8-E830-4CF9-BE4D-7A70796A05C2}.Release|x86.Build.0 = Release|Any CPU
		{249C98EC-071F-4C47-9CC3-CFA9A10E86E8}.Debug|Any CPU.ActiveCfg = Debug|Any CPU
		{249C98EC-071F-4C47-9CC3-CFA9A10E86E8}.Debug|Any CPU.Build.0 = Debug|Any CPU
		{249C98EC-071F-4C47-9CC3-CFA9A10E86E8}.Debug|x64.ActiveCfg = Debug|Any CPU
		{249C98EC-071F-4C47-9CC3-CFA9A10E86E8}.Debug|x64.Build.0 = Debug|Any CPU
		{249C98EC-071F-4C47-9CC3-CFA9A10E86E8}.Debug|x86.ActiveCfg = Debug|Any CPU
		{249C98EC-071F-4C47-9CC3-CFA9A10E86E8}.Debug|x86.Build.0 = Debug|Any CPU
		{249C98EC-071F-4C47-9CC3-CFA9A10E86E8}.Release|Any CPU.ActiveCfg = Release|Any CPU
		{249C98EC-071F-4C47-9CC3-CFA9A10E86E8}.Release|Any CPU.Build.0 = Release|Any CPU
		{249C98EC-071F-4C47-9CC3-CFA9A10E86E8}.Release|x64.ActiveCfg = Release|Any CPU
		{249C98EC-071F-4C47-9CC3-CFA9A10E86E8}.Release|x64.Build.0 = Release|Any CPU
		{249C98EC-071F-4C47-9CC3-CFA9A10E86E8}.Release|x86.ActiveCfg = Release|Any CPU
		{249C98EC-071F-4C47-9CC3-CFA9A10E86E8}.Release|x86.Build.0 = Release|Any CPU
		{6C655194-4B06-4C9A-94F8-985F83F8234A}.Debug|Any CPU.ActiveCfg = Debug|Any CPU
		{6C655194-4B06-4C9A-94F8-985F83F8234A}.Debug|Any CPU.Build.0 = Debug|Any CPU
		{6C655194-4B06-4C9A-94F8-985F83F8234A}.Debug|x64.ActiveCfg = Debug|Any CPU
		{6C655194-4B06-4C9A-94F8-985F83F8234A}.Debug|x64.Build.0 = Debug|Any CPU
		{6C655194-4B06-4C9A-94F8-985F83F8234A}.Debug|x86.ActiveCfg = Debug|Any CPU
		{6C655194-4B06-4C9A-94F8-985F83F8234A}.Debug|x86.Build.0 = Debug|Any CPU
		{6C655194-4B06-4C9A-94F8-985F83F8234A}.Release|Any CPU.ActiveCfg = Release|Any CPU
		{6C655194-4B06-4C9A-94F8-985F83F8234A}.Release|Any CPU.Build.0 = Release|Any CPU
		{6C655194-4B06-4C9A-94F8-985F83F8234A}.Release|x64.ActiveCfg = Release|Any CPU
		{6C655194-4B06-4C9A-94F8-985F83F8234A}.Release|x64.Build.0 = Release|Any CPU
		{6C655194-4B06-4C9A-94F8-985F83F8234A}.Release|x86.ActiveCfg = Release|Any CPU
		{6C655194-4B06-4C9A-94F8-985F83F8234A}.Release|x86.Build.0 = Release|Any CPU
		{DF49E614-576A-4C01-91B8-8FBD13000E73}.Debug|Any CPU.ActiveCfg = Debug|Any CPU
		{DF49E614-576A-4C01-91B8-8FBD13000E73}.Debug|Any CPU.Build.0 = Debug|Any CPU
		{DF49E614-576A-4C01-91B8-8FBD13000E73}.Debug|x64.ActiveCfg = Debug|Any CPU
		{DF49E614-576A-4C01-91B8-8FBD13000E73}.Debug|x64.Build.0 = Debug|Any CPU
		{DF49E614-576A-4C01-91B8-8FBD13000E73}.Debug|x86.ActiveCfg = Debug|Any CPU
		{DF49E614-576A-4C01-91B8-8FBD13000E73}.Debug|x86.Build.0 = Debug|Any CPU
		{DF49E614-576A-4C01-91B8-8FBD13000E73}.Release|Any CPU.ActiveCfg = Release|Any CPU
		{DF49E614-576A-4C01-91B8-8FBD13000E73}.Release|Any CPU.Build.0 = Release|Any CPU
		{DF49E614-576A-4C01-91B8-8FBD13000E73}.Release|x64.ActiveCfg = Release|Any CPU
		{DF49E614-576A-4C01-91B8-8FBD13000E73}.Release|x64.Build.0 = Release|Any CPU
		{DF49E614-576A-4C01-91B8-8FBD13000E73}.Release|x86.ActiveCfg = Release|Any CPU
		{DF49E614-576A-4C01-91B8-8FBD13000E73}.Release|x86.Build.0 = Release|Any CPU
		{B3E65F7A-58B9-4282-8629-E15BD2250161}.Debug|Any CPU.ActiveCfg = Debug|Any CPU
		{B3E65F7A-58B9-4282-8629-E15BD2250161}.Debug|Any CPU.Build.0 = Debug|Any CPU
		{B3E65F7A-58B9-4282-8629-E15BD2250161}.Debug|x64.ActiveCfg = Debug|Any CPU
		{B3E65F7A-58B9-4282-8629-E15BD2250161}.Debug|x64.Build.0 = Debug|Any CPU
		{B3E65F7A-58B9-4282-8629-E15BD2250161}.Debug|x86.ActiveCfg = Debug|Any CPU
		{B3E65F7A-58B9-4282-8629-E15BD2250161}.Debug|x86.Build.0 = Debug|Any CPU
		{B3E65F7A-58B9-4282-8629-E15BD2250161}.Release|Any CPU.ActiveCfg = Release|Any CPU
		{B3E65F7A-58B9-4282-8629-E15BD2250161}.Release|Any CPU.Build.0 = Release|Any CPU
		{B3E65F7A-58B9-4282-8629-E15BD2250161}.Release|x64.ActiveCfg = Release|Any CPU
		{B3E65F7A-58B9-4282-8629-E15BD2250161}.Release|x64.Build.0 = Release|Any CPU
		{B3E65F7A-58B9-4282-8629-E15BD2250161}.Release|x86.ActiveCfg = Release|Any CPU
		{B3E65F7A-58B9-4282-8629-E15BD2250161}.Release|x86.Build.0 = Release|Any CPU
	EndGlobalSection
	GlobalSection(NestedProjects) = preSolution
		{9F8BFCB8-E830-4CF9-BE4D-7A70796A05C2} = {EC43DA91-C750-4DAC-831B-C89369911816}
		{249C98EC-071F-4C47-9CC3-CFA9A10E86E8} = {EC43DA91-C750-4DAC-831B-C89369911816}
		{6C655194-4B06-4C9A-94F8-985F83F8234A} = {EC43DA91-C750-4DAC-831B-C89369911816}
		{DF49E614-576A-4C01-91B8-8FBD13000E73} = {EC43DA91-C750-4DAC-831B-C89369911816}
		{B3E65F7A-58B9-4282-8629-E15BD2250161} = {66DE2C4A-927B-4C6D-BE5C-14039EA76C62}
	EndGlobalSection
EndGlobal
